
Microsoft Visual Studio Solution File, Format Version 12.00
# Visual Studio 15
VisualStudioVersion = 15.0.27703.2000
MinimumVisualStudioVersion = 10.0.40219.1
Project("{888888A0-9F3D-457C-B088-3A5042F75D52}") = "HSVTracking", "HSVTracking\HSVTracking.pyproj", "{3F496AE3-7BBE-4E24-BD98-DC7FB6986D32}"
EndProject
Global
	GlobalSection(SolutionConfigurationPlatforms) = preSolution
		Debug|Any CPU = Debug|Any CPU
		Release|Any CPU = Release|Any CPU
	EndGlobalSection
	GlobalSection(ProjectConfigurationPlatforms) = postSolution
		{3F496AE3-7BBE-4E24-BD98-DC7FB6986D32}.Debug|Any CPU.ActiveCfg = Debug|Any CPU
		{3F496AE3-7BBE-4E24-BD98-DC7FB6986D32}.Release|Any CPU.ActiveCfg = Release|Any CPU
	EndGlobalSection
	GlobalSection(SolutionProperties) = preSolution
		HideSolutionNode = FALSE
	EndGlobalSection
	GlobalSection(ExtensibilityGlobals) = postSolution
		SolutionGuid = {35E2ADA6-F774-4AF5-840F-D7C2041C25EB}
	EndGlobalSection
EndGlobal
