
Microsoft Visual Studio Solution File, Format Version 12.00
# Visual Studio 15
VisualStudioVersion = 15.0.27703.2000
MinimumVisualStudioVersion = 10.0.40219.1
Project("{888888A0-9F3D-457C-B088-3A5042F75D52}") = "watershed", "watershed\watershed.pyproj", "{C7B4AF61-8846-4089-8036-108C53D34463}"
EndProject
Global
	GlobalSection(SolutionConfigurationPlatforms) = preSolution
		Debug|Any CPU = Debug|Any CPU
		Release|Any CPU = Release|Any CPU
	EndGlobalSection
	GlobalSection(ProjectConfigurationPlatforms) = postSolution
		{C7B4AF61-8846-4089-8036-108C53D34463}.Debug|Any CPU.ActiveCfg = Debug|Any CPU
		{C7B4AF61-8846-4089-8036-108C53D34463}.Release|Any CPU.ActiveCfg = Release|Any CPU
	EndGlobalSection
	GlobalSection(SolutionProperties) = preSolution
		HideSolutionNode = FALSE
	EndGlobalSection
	GlobalSection(ExtensibilityGlobals) = postSolution
		SolutionGuid = {BB0F6C91-E39F-4568-9C22-E20AE9276FF9}
	EndGlobalSection
EndGlobal
